
Microsoft Visual Studio Solution File, Format Version 12.00
Project("{FAE04EC0-301F-11D3-BF4B-00C04F79EFBC}") = "CommandMiddleware", "CommandMiddleware\CommandMiddleware.csproj", "{F783225D-2514-4F97-AAF7-A583EE90680E}"
EndProject
Project("{FAE04EC0-301F-11D3-BF4B-00C04F79EFBC}") = "CommandMiddleware.Tests", "CommandMiddleware.Tests\CommandMiddleware.Tests.csproj", "{E2634BD7-421D-480E-AB5E-BFCA18187D3E}"
EndProject
Project("{FAE04EC0-301F-11D3-BF4B-00C04F79EFBC}") = "CommandMiddleware.Sample.Web", "CommandMiddleware.Sample.Web\CommandMiddleware.Sample.Web.csproj", "{DFE82E50-0C56-4E82-A084-4B2460B9F1F2}"
EndProject
Global
	GlobalSection(SolutionConfigurationPlatforms) = preSolution
		Debug|Any CPU = Debug|Any CPU
		Release|Any CPU = Release|Any CPU
	EndGlobalSection
	GlobalSection(ProjectConfigurationPlatforms) = postSolution
		{F783225D-2514-4F97-AAF7-A583EE90680E}.Debug|Any CPU.ActiveCfg = Debug|Any CPU
		{F783225D-2514-4F97-AAF7-A583EE90680E}.Debug|Any CPU.Build.0 = Debug|Any CPU
		{F783225D-2514-4F97-AAF7-A583EE90680E}.Release|Any CPU.ActiveCfg = Release|Any CPU
		{F783225D-2514-4F97-AAF7-A583EE90680E}.Release|Any CPU.Build.0 = Release|Any CPU
		{E2634BD7-421D-480E-AB5E-BFCA18187D3E}.Debug|Any CPU.ActiveCfg = Debug|Any CPU
		{E2634BD7-421D-480E-AB5E-BFCA18187D3E}.Debug|Any CPU.Build.0 = Debug|Any CPU
		{E2634BD7-421D-480E-AB5E-BFCA18187D3E}.Release|Any CPU.ActiveCfg = Release|Any CPU
		{E2634BD7-421D-480E-AB5E-BFCA18187D3E}.Release|Any CPU.Build.0 = Release|Any CPU
		{DFE82E50-0C56-4E82-A084-4B2460B9F1F2}.Debug|Any CPU.ActiveCfg = Debug|Any CPU
		{DFE82E50-0C56-4E82-A084-4B2460B9F1F2}.Debug|Any CPU.Build.0 = Debug|Any CPU
		{DFE82E50-0C56-4E82-A084-4B2460B9F1F2}.Release|Any CPU.ActiveCfg = Release|Any CPU
		{DFE82E50-0C56-4E82-A084-4B2460B9F1F2}.Release|Any CPU.Build.0 = Release|Any CPU
	EndGlobalSection
EndGlobal
